// !$*UTF8*$!
{
	archiveVersion = 1;
	classes = {
	};
	objectVersion = 55;
	objects = {

/* Begin PBXBuildFile section */
		0F1DC73AEEEE9AF5F7731DD9 /* Pods_EggTimer_EggTimerUITests.framework in Frameworks */ = {isa = PBXBuildFile; fileRef = 3112C50F5DF88C2733FEC158 /* Pods_EggTimer_EggTimerUITests.framework */; };
		592AFB6FBAFD4C11E786EEE1 /* Pods_EggTimer.framework in Frameworks */ = {isa = PBXBuildFile; fileRef = 804B71AEB7CE8E76BCDC3288 /* Pods_EggTimer.framework */; };
		A50A56ED2842161700BB82A5 /* SettingsViewController.swift in Sources */ = {isa = PBXBuildFile; fileRef = A50A56EC2842161700BB82A5 /* SettingsViewController.swift */; };
		A50A56F02842167A00BB82A5 /* SettingsViewModel.swift in Sources */ = {isa = PBXBuildFile; fileRef = A50A56EF2842167A00BB82A5 /* SettingsViewModel.swift */; };
		A50A56F22842168800BB82A5 /* SettingsCell.swift in Sources */ = {isa = PBXBuildFile; fileRef = A50A56F12842168800BB82A5 /* SettingsCell.swift */; };
		A50A56F42842275A00BB82A5 /* SendMailFailAlertViewController.swift in Sources */ = {isa = PBXBuildFile; fileRef = A50A56F32842275A00BB82A5 /* SendMailFailAlertViewController.swift */; };
		A50A56FC28423C1300BB82A5 /* DarkModeViewController.swift in Sources */ = {isa = PBXBuildFile; fileRef = A50A56FB28423C1300BB82A5 /* DarkModeViewController.swift */; };
		A50A56FF28423C3600BB82A5 /* DarkModeCell.swift in Sources */ = {isa = PBXBuildFile; fileRef = A50A56FE28423C3600BB82A5 /* DarkModeCell.swift */; };
		A50A570128423DF400BB82A5 /* DarkModeManager.swift in Sources */ = {isa = PBXBuildFile; fileRef = A50A570028423DF400BB82A5 /* DarkModeManager.swift */; };
		A53535FD28334CD4008D865E /* Recipes.swift in Sources */ = {isa = PBXBuildFile; fileRef = A53535FC28334CD4008D865E /* Recipes.swift */; };
		A535360028334D01008D865E /* RecipesSearchManager.swift in Sources */ = {isa = PBXBuildFile; fileRef = A53535FF28334D01008D865E /* RecipesSearchManager.swift */; };
		A535360328334D18008D865E /* RecipesRequestModel.swift in Sources */ = {isa = PBXBuildFile; fileRef = A535360228334D18008D865E /* RecipesRequestModel.swift */; };
		A535360528334D22008D865E /* RecipesResponseModel.swift in Sources */ = {isa = PBXBuildFile; fileRef = A535360428334D22008D865E /* RecipesResponseModel.swift */; };
		A535360828335198008D865E /* Alamofire in Frameworks */ = {isa = PBXBuildFile; productRef = A535360728335198008D865E /* Alamofire */; };
		A535360A2833532D008D865E /* NaverAPIKey.swift in Sources */ = {isa = PBXBuildFile; fileRef = A53536092833532D008D865E /* NaverAPIKey.swift */; };
		A535360D28336C12008D865E /* String+.swift in Sources */ = {isa = PBXBuildFile; fileRef = A535360C28336C12008D865E /* String+.swift */; };
		A535361128337777008D865E /* RecipeDetailViewController.swift in Sources */ = {isa = PBXBuildFile; fileRef = A535361028337777008D865E /* RecipeDetailViewController.swift */; };
		A535361528338ECA008D865E /* HGCircularSlider in Frameworks */ = {isa = PBXBuildFile; productRef = A535361428338ECA008D865E /* HGCircularSlider */; };
		A535361728339000008D865E /* TimerViewController.swift in Sources */ = {isa = PBXBuildFile; fileRef = A535361628339000008D865E /* TimerViewController.swift */; };
		A535361A2833AA97008D865E /* EggsViewController.swift in Sources */ = {isa = PBXBuildFile; fileRef = A53536192833AA97008D865E /* EggsViewController.swift */; };
		A535361D2833AB05008D865E /* EggsCell.swift in Sources */ = {isa = PBXBuildFile; fileRef = A535361C2833AB05008D865E /* EggsCell.swift */; };
		A53536212833B2F3008D865E /* TimerViewModel.swift in Sources */ = {isa = PBXBuildFile; fileRef = A53536202833B2F3008D865E /* TimerViewModel.swift */; };
		A5574488283920D200C5841C /* NVActivityIndicatorView in Frameworks */ = {isa = PBXBuildFile; productRef = A5574487283920D200C5841C /* NVActivityIndicatorView */; };
		A569DC3C2832924B009E579B /* AppDelegate.swift in Sources */ = {isa = PBXBuildFile; fileRef = A569DC3B2832924B009E579B /* AppDelegate.swift */; };
		A569DC3E2832924B009E579B /* SceneDelegate.swift in Sources */ = {isa = PBXBuildFile; fileRef = A569DC3D2832924B009E579B /* SceneDelegate.swift */; };
		A569DC432832924B009E579B /* Main.storyboard in Resources */ = {isa = PBXBuildFile; fileRef = A569DC412832924B009E579B /* Main.storyboard */; };
		A569DC452832924C009E579B /* Assets.xcassets in Resources */ = {isa = PBXBuildFile; fileRef = A569DC442832924C009E579B /* Assets.xcassets */; };
		A569DC482832924C009E579B /* LaunchScreen.storyboard in Resources */ = {isa = PBXBuildFile; fileRef = A569DC462832924C009E579B /* LaunchScreen.storyboard */; };
		A569DC532832924C009E579B /* EggTimerTests.swift in Sources */ = {isa = PBXBuildFile; fileRef = A569DC522832924C009E579B /* EggTimerTests.swift */; };
		A569DC5D2832924C009E579B /* EggTimerUITests.swift in Sources */ = {isa = PBXBuildFile; fileRef = A569DC5C2832924C009E579B /* EggTimerUITests.swift */; };
		A569DC5F2832924C009E579B /* EggTimerUITestsLaunchTests.swift in Sources */ = {isa = PBXBuildFile; fileRef = A569DC5E2832924C009E579B /* EggTimerUITestsLaunchTests.swift */; };
		A5BA6CD12837E50A00EC4722 /* NetworkCheck.swift in Sources */ = {isa = PBXBuildFile; fileRef = A5BA6CD02837E50A00EC4722 /* NetworkCheck.swift */; };
		A5C721BF283A4DED00A6AD42 /* PanModal in Frameworks */ = {isa = PBXBuildFile; productRef = A5C721BE283A4DED00A6AD42 /* PanModal */; };
		A5D28076283328D100228011 /* BasicRecipeViewController.swift in Sources */ = {isa = PBXBuildFile; fileRef = A5D28075283328D100228011 /* BasicRecipeViewController.swift */; };
		A5D2807C28332F2F00228011 /* BasicRecipeCell.swift in Sources */ = {isa = PBXBuildFile; fileRef = A5D2807B28332F2F00228011 /* BasicRecipeCell.swift */; };
		A5D2807E28333A9F00228011 /* RecipeViewController.swift in Sources */ = {isa = PBXBuildFile; fileRef = A5D2807D28333A9F00228011 /* RecipeViewController.swift */; };
		A5D2808028333AB200228011 /* RecipeViewModel.swift in Sources */ = {isa = PBXBuildFile; fileRef = A5D2807F28333AB100228011 /* RecipeViewModel.swift */; };
		A5D2808328333B5D00228011 /* RecipeCell.swift in Sources */ = {isa = PBXBuildFile; fileRef = A5D2808228333B5D00228011 /* RecipeCell.swift */; };
		F2311F6B4B4D395293AE6AE7 /* Pods_EggTimerTests.framework in Frameworks */ = {isa = PBXBuildFile; fileRef = B32B7088592E8696CE2862F0 /* Pods_EggTimerTests.framework */; };
/* End PBXBuildFile section */

/* Begin PBXContainerItemProxy section */
		A569DC4F2832924C009E579B /* PBXContainerItemProxy */ = {
			isa = PBXContainerItemProxy;
			containerPortal = A569DC302832924B009E579B /* Project object */;
			proxyType = 1;
			remoteGlobalIDString = A569DC372832924B009E579B;
			remoteInfo = EggTimer;
		};
		A569DC592832924C009E579B /* PBXContainerItemProxy */ = {
			isa = PBXContainerItemProxy;
			containerPortal = A569DC302832924B009E579B /* Project object */;
			proxyType = 1;
			remoteGlobalIDString = A569DC372832924B009E579B;
			remoteInfo = EggTimer;
		};
/* End PBXContainerItemProxy section */

/* Begin PBXFileReference section */
		2EA83322CD65CCAFF7C69103 /* Pods-EggTimer-EggTimerUITests.debug.xcconfig */ = {isa = PBXFileReference; includeInIndex = 1; lastKnownFileType = text.xcconfig; name = "Pods-EggTimer-EggTimerUITests.debug.xcconfig"; path = "Target Support Files/Pods-EggTimer-EggTimerUITests/Pods-EggTimer-EggTimerUITests.debug.xcconfig"; sourceTree = "<group>"; };
		3112C50F5DF88C2733FEC158 /* Pods_EggTimer_EggTimerUITests.framework */ = {isa = PBXFileReference; explicitFileType = wrapper.framework; includeInIndex = 0; path = Pods_EggTimer_EggTimerUITests.framework; sourceTree = BUILT_PRODUCTS_DIR; };
		5E6410E47077580723138B44 /* Pods-EggTimerTests.debug.xcconfig */ = {isa = PBXFileReference; includeInIndex = 1; lastKnownFileType = text.xcconfig; name = "Pods-EggTimerTests.debug.xcconfig"; path = "Target Support Files/Pods-EggTimerTests/Pods-EggTimerTests.debug.xcconfig"; sourceTree = "<group>"; };
		804B71AEB7CE8E76BCDC3288 /* Pods_EggTimer.framework */ = {isa = PBXFileReference; explicitFileType = wrapper.framework; includeInIndex = 0; path = Pods_EggTimer.framework; sourceTree = BUILT_PRODUCTS_DIR; };
		A2357BD9007D6D94CB70183B /* Pods-EggTimerTests.release.xcconfig */ = {isa = PBXFileReference; includeInIndex = 1; lastKnownFileType = text.xcconfig; name = "Pods-EggTimerTests.release.xcconfig"; path = "Target Support Files/Pods-EggTimerTests/Pods-EggTimerTests.release.xcconfig"; sourceTree = "<group>"; };
		A50A56EC2842161700BB82A5 /* SettingsViewController.swift */ = {isa = PBXFileReference; lastKnownFileType = sourcecode.swift; path = SettingsViewController.swift; sourceTree = "<group>"; };
		A50A56EF2842167A00BB82A5 /* SettingsViewModel.swift */ = {isa = PBXFileReference; lastKnownFileType = sourcecode.swift; path = SettingsViewModel.swift; sourceTree = "<group>"; };
		A50A56F12842168800BB82A5 /* SettingsCell.swift */ = {isa = PBXFileReference; lastKnownFileType = sourcecode.swift; path = SettingsCell.swift; sourceTree = "<group>"; };
		A50A56F32842275A00BB82A5 /* SendMailFailAlertViewController.swift */ = {isa = PBXFileReference; lastKnownFileType = sourcecode.swift; path = SendMailFailAlertViewController.swift; sourceTree = "<group>"; };
		A50A56FB28423C1300BB82A5 /* DarkModeViewController.swift */ = {isa = PBXFileReference; lastKnownFileType = sourcecode.swift; path = DarkModeViewController.swift; sourceTree = "<group>"; };
		A50A56FE28423C3600BB82A5 /* DarkModeCell.swift */ = {isa = PBXFileReference; lastKnownFileType = sourcecode.swift; path = DarkModeCell.swift; sourceTree = "<group>"; };
		A50A570028423DF400BB82A5 /* DarkModeManager.swift */ = {isa = PBXFileReference; lastKnownFileType = sourcecode.swift; path = DarkModeManager.swift; sourceTree = "<group>"; };
		A53535FC28334CD4008D865E /* Recipes.swift */ = {isa = PBXFileReference; lastKnownFileType = sourcecode.swift; path = Recipes.swift; sourceTree = "<group>"; };
		A53535FF28334D01008D865E /* RecipesSearchManager.swift */ = {isa = PBXFileReference; lastKnownFileType = sourcecode.swift; path = RecipesSearchManager.swift; sourceTree = "<group>"; };
		A535360228334D18008D865E /* RecipesRequestModel.swift */ = {isa = PBXFileReference; lastKnownFileType = sourcecode.swift; path = RecipesRequestModel.swift; sourceTree = "<group>"; };
		A535360428334D22008D865E /* RecipesResponseModel.swift */ = {isa = PBXFileReference; lastKnownFileType = sourcecode.swift; path = RecipesResponseModel.swift; sourceTree = "<group>"; };
		A53536092833532D008D865E /* NaverAPIKey.swift */ = {isa = PBXFileReference; lastKnownFileType = sourcecode.swift; path = NaverAPIKey.swift; sourceTree = "<group>"; };
		A535360C28336C12008D865E /* String+.swift */ = {isa = PBXFileReference; lastKnownFileType = sourcecode.swift; path = "String+.swift"; sourceTree = "<group>"; };
		A535361028337777008D865E /* RecipeDetailViewController.swift */ = {isa = PBXFileReference; lastKnownFileType = sourcecode.swift; path = RecipeDetailViewController.swift; sourceTree = "<group>"; };
		A535361628339000008D865E /* TimerViewController.swift */ = {isa = PBXFileReference; lastKnownFileType = sourcecode.swift; path = TimerViewController.swift; sourceTree = "<group>"; };
		A53536192833AA97008D865E /* EggsViewController.swift */ = {isa = PBXFileReference; lastKnownFileType = sourcecode.swift; path = EggsViewController.swift; sourceTree = "<group>"; };
		A535361C2833AB05008D865E /* EggsCell.swift */ = {isa = PBXFileReference; lastKnownFileType = sourcecode.swift; path = EggsCell.swift; sourceTree = "<group>"; };
		A53536202833B2F3008D865E /* TimerViewModel.swift */ = {isa = PBXFileReference; lastKnownFileType = sourcecode.swift; path = TimerViewModel.swift; sourceTree = "<group>"; };
		A569DC382832924B009E579B /* EggTimer.app */ = {isa = PBXFileReference; explicitFileType = wrapper.application; includeInIndex = 0; path = EggTimer.app; sourceTree = BUILT_PRODUCTS_DIR; };
		A569DC3B2832924B009E579B /* AppDelegate.swift */ = {isa = PBXFileReference; lastKnownFileType = sourcecode.swift; path = AppDelegate.swift; sourceTree = "<group>"; };
		A569DC3D2832924B009E579B /* SceneDelegate.swift */ = {isa = PBXFileReference; lastKnownFileType = sourcecode.swift; path = SceneDelegate.swift; sourceTree = "<group>"; };
		A569DC422832924B009E579B /* Base */ = {isa = PBXFileReference; lastKnownFileType = file.storyboard; name = Base; path = Base.lproj/Main.storyboard; sourceTree = "<group>"; };
		A569DC442832924C009E579B /* Assets.xcassets */ = {isa = PBXFileReference; lastKnownFileType = folder.assetcatalog; path = Assets.xcassets; sourceTree = "<group>"; };
		A569DC472832924C009E579B /* Base */ = {isa = PBXFileReference; lastKnownFileType = file.storyboard; name = Base; path = Base.lproj/LaunchScreen.storyboard; sourceTree = "<group>"; };
		A569DC492832924C009E579B /* Info.plist */ = {isa = PBXFileReference; lastKnownFileType = text.plist.xml; path = Info.plist; sourceTree = "<group>"; };
		A569DC4E2832924C009E579B /* EggTimerTests.xctest */ = {isa = PBXFileReference; explicitFileType = wrapper.cfbundle; includeInIndex = 0; path = EggTimerTests.xctest; sourceTree = BUILT_PRODUCTS_DIR; };
		A569DC522832924C009E579B /* EggTimerTests.swift */ = {isa = PBXFileReference; lastKnownFileType = sourcecode.swift; path = EggTimerTests.swift; sourceTree = "<group>"; };
		A569DC582832924C009E579B /* EggTimerUITests.xctest */ = {isa = PBXFileReference; explicitFileType = wrapper.cfbundle; includeInIndex = 0; path = EggTimerUITests.xctest; sourceTree = BUILT_PRODUCTS_DIR; };
		A569DC5C2832924C009E579B /* EggTimerUITests.swift */ = {isa = PBXFileReference; lastKnownFileType = sourcecode.swift; path = EggTimerUITests.swift; sourceTree = "<group>"; };
		A569DC5E2832924C009E579B /* EggTimerUITestsLaunchTests.swift */ = {isa = PBXFileReference; lastKnownFileType = sourcecode.swift; path = EggTimerUITestsLaunchTests.swift; sourceTree = "<group>"; };
		A5BA6CD02837E50A00EC4722 /* NetworkCheck.swift */ = {isa = PBXFileReference; lastKnownFileType = sourcecode.swift; path = NetworkCheck.swift; sourceTree = "<group>"; };
		A5D28075283328D100228011 /* BasicRecipeViewController.swift */ = {isa = PBXFileReference; lastKnownFileType = sourcecode.swift; path = BasicRecipeViewController.swift; sourceTree = "<group>"; };
		A5D2807B28332F2F00228011 /* BasicRecipeCell.swift */ = {isa = PBXFileReference; lastKnownFileType = sourcecode.swift; path = BasicRecipeCell.swift; sourceTree = "<group>"; };
		A5D2807D28333A9F00228011 /* RecipeViewController.swift */ = {isa = PBXFileReference; lastKnownFileType = sourcecode.swift; path = RecipeViewController.swift; sourceTree = "<group>"; };
		A5D2807F28333AB100228011 /* RecipeViewModel.swift */ = {isa = PBXFileReference; lastKnownFileType = sourcecode.swift; path = RecipeViewModel.swift; sourceTree = "<group>"; };
		A5D2808228333B5D00228011 /* RecipeCell.swift */ = {isa = PBXFileReference; lastKnownFileType = sourcecode.swift; path = RecipeCell.swift; sourceTree = "<group>"; };
		AB8CBA33673432F9FB5B69C2 /* Pods-EggTimer-EggTimerUITests.release.xcconfig */ = {isa = PBXFileReference; includeInIndex = 1; lastKnownFileType = text.xcconfig; name = "Pods-EggTimer-EggTimerUITests.release.xcconfig"; path = "Target Support Files/Pods-EggTimer-EggTimerUITests/Pods-EggTimer-EggTimerUITests.release.xcconfig"; sourceTree = "<group>"; };
		B32B7088592E8696CE2862F0 /* Pods_EggTimerTests.framework */ = {isa = PBXFileReference; explicitFileType = wrapper.framework; includeInIndex = 0; path = Pods_EggTimerTests.framework; sourceTree = BUILT_PRODUCTS_DIR; };
		B8CF0ADCB486FFDFC51C1C42 /* Pods-EggTimer.release.xcconfig */ = {isa = PBXFileReference; includeInIndex = 1; lastKnownFileType = text.xcconfig; name = "Pods-EggTimer.release.xcconfig"; path = "Target Support Files/Pods-EggTimer/Pods-EggTimer.release.xcconfig"; sourceTree = "<group>"; };
		F8209670B4D9FEDA416158A6 /* Pods-EggTimer.debug.xcconfig */ = {isa = PBXFileReference; includeInIndex = 1; lastKnownFileType = text.xcconfig; name = "Pods-EggTimer.debug.xcconfig"; path = "Target Support Files/Pods-EggTimer/Pods-EggTimer.debug.xcconfig"; sourceTree = "<group>"; };
/* End PBXFileReference section */

/* Begin PBXFrameworksBuildPhase section */
		A569DC352832924B009E579B /* Frameworks */ = {
			isa = PBXFrameworksBuildPhase;
			buildActionMask = 2147483647;
			files = (
				A5574488283920D200C5841C /* NVActivityIndicatorView in Frameworks */,
				A535360828335198008D865E /* Alamofire in Frameworks */,
				A535361528338ECA008D865E /* HGCircularSlider in Frameworks */,
				592AFB6FBAFD4C11E786EEE1 /* Pods_EggTimer.framework in Frameworks */,
				A5C721BF283A4DED00A6AD42 /* PanModal in Frameworks */,
			);
			runOnlyForDeploymentPostprocessing = 0;
		};
		A569DC4B2832924C009E579B /* Frameworks */ = {
			isa = PBXFrameworksBuildPhase;
			buildActionMask = 2147483647;
			files = (
				F2311F6B4B4D395293AE6AE7 /* Pods_EggTimerTests.framework in Frameworks */,
			);
			runOnlyForDeploymentPostprocessing = 0;
		};
		A569DC552832924C009E579B /* Frameworks */ = {
			isa = PBXFrameworksBuildPhase;
			buildActionMask = 2147483647;
			files = (
				0F1DC73AEEEE9AF5F7731DD9 /* Pods_EggTimer_EggTimerUITests.framework in Frameworks */,
			);
			runOnlyForDeploymentPostprocessing = 0;
		};
/* End PBXFrameworksBuildPhase section */

/* Begin PBXGroup section */
		641BFE11DEA9EBE45573E6DC /* Frameworks */ = {
			isa = PBXGroup;
			children = (
				804B71AEB7CE8E76BCDC3288 /* Pods_EggTimer.framework */,
				3112C50F5DF88C2733FEC158 /* Pods_EggTimer_EggTimerUITests.framework */,
				B32B7088592E8696CE2862F0 /* Pods_EggTimerTests.framework */,
			);
			name = Frameworks;
			sourceTree = "<group>";
		};
		71B292BBE3C4344AAD3AFCFB /* Pods */ = {
			isa = PBXGroup;
			children = (
				F8209670B4D9FEDA416158A6 /* Pods-EggTimer.debug.xcconfig */,
				B8CF0ADCB486FFDFC51C1C42 /* Pods-EggTimer.release.xcconfig */,
				2EA83322CD65CCAFF7C69103 /* Pods-EggTimer-EggTimerUITests.debug.xcconfig */,
				AB8CBA33673432F9FB5B69C2 /* Pods-EggTimer-EggTimerUITests.release.xcconfig */,
				5E6410E47077580723138B44 /* Pods-EggTimerTests.debug.xcconfig */,
				A2357BD9007D6D94CB70183B /* Pods-EggTimerTests.release.xcconfig */,
			);
			path = Pods;
			sourceTree = "<group>";
		};
		A50A56EE2842161C00BB82A5 /* Settings */ = {
			isa = PBXGroup;
			children = (
				A50A56EC2842161700BB82A5 /* SettingsViewController.swift */,
				A50A56EF2842167A00BB82A5 /* SettingsViewModel.swift */,
				A50A56F12842168800BB82A5 /* SettingsCell.swift */,
				A50A56FD28423C1700BB82A5 /* DarkMode */,
			);
			path = Settings;
			sourceTree = "<group>";
		};
		A50A56F52842275D00BB82A5 /* SendMailFailAlert */ = {
			isa = PBXGroup;
			children = (
				A50A56F32842275A00BB82A5 /* SendMailFailAlertViewController.swift */,
			);
			path = SendMailFailAlert;
			sourceTree = "<group>";
		};
		A50A56FD28423C1700BB82A5 /* DarkMode */ = {
			isa = PBXGroup;
			children = (
				A50A56FB28423C1300BB82A5 /* DarkModeViewController.swift */,
				A50A56FE28423C3600BB82A5 /* DarkModeCell.swift */,
			);
			path = DarkMode;
			sourceTree = "<group>";
		};
		A53535FE28334CD8008D865E /* Model */ = {
			isa = PBXGroup;
			children = (
				A53535FC28334CD4008D865E /* Recipes.swift */,
				A535360228334D18008D865E /* RecipesRequestModel.swift */,
				A535360428334D22008D865E /* RecipesResponseModel.swift */,
			);
			name = Model;
			sourceTree = "<group>";
		};
		A535360128334D03008D865E /* Manager */ = {
			isa = PBXGroup;
			children = (
				A53535FF28334D01008D865E /* RecipesSearchManager.swift */,
				A50A570028423DF400BB82A5 /* DarkModeManager.swift */,
			);
			name = Manager;
			sourceTree = "<group>";
		};
		A535360B28335332008D865E /* Source */ = {
			isa = PBXGroup;
			children = (
				A53536092833532D008D865E /* NaverAPIKey.swift */,
			);
			name = Source;
			sourceTree = "<group>";
		};
		A535360E28336C18008D865E /* Extension */ = {
			isa = PBXGroup;
			children = (
				A535360C28336C12008D865E /* String+.swift */,
			);
			name = Extension;
			sourceTree = "<group>";
		};
		A535360F28336C1F008D865E /* Util */ = {
			isa = PBXGroup;
			children = (
				A535360E28336C18008D865E /* Extension */,
				A5BA6CD22837E50F00EC4722 /* Network */,
			);
			name = Util;
			sourceTree = "<group>";
		};
		A53536122833777E008D865E /* RecipeDetail */ = {
			isa = PBXGroup;
			children = (
				A535361028337777008D865E /* RecipeDetailViewController.swift */,
			);
			path = RecipeDetail;
			sourceTree = "<group>";
		};
		A535361828339003008D865E /* Timer */ = {
			isa = PBXGroup;
			children = (
				A535361628339000008D865E /* TimerViewController.swift */,
				A53536202833B2F3008D865E /* TimerViewModel.swift */,
			);
			path = Timer;
			sourceTree = "<group>";
		};
		A535361B2833AA9B008D865E /* Eggs */ = {
			isa = PBXGroup;
			children = (
				A53536192833AA97008D865E /* EggsViewController.swift */,
				A535361C2833AB05008D865E /* EggsCell.swift */,
			);
			path = Eggs;
			sourceTree = "<group>";
		};
		A569DC2F2832924B009E579B = {
			isa = PBXGroup;
			children = (
				A569DC3A2832924B009E579B /* EggTimer */,
				A569DC512832924C009E579B /* EggTimerTests */,
				A569DC5B2832924C009E579B /* EggTimerUITests */,
				A569DC392832924B009E579B /* Products */,
				71B292BBE3C4344AAD3AFCFB /* Pods */,
				641BFE11DEA9EBE45573E6DC /* Frameworks */,
			);
			sourceTree = "<group>";
		};
		A569DC392832924B009E579B /* Products */ = {
			isa = PBXGroup;
			children = (
				A569DC382832924B009E579B /* EggTimer.app */,
				A569DC4E2832924C009E579B /* EggTimerTests.xctest */,
				A569DC582832924C009E579B /* EggTimerUITests.xctest */,
			);
			name = Products;
			sourceTree = "<group>";
		};
		A569DC3A2832924B009E579B /* EggTimer */ = {
			isa = PBXGroup;
			children = (
				A569DC3B2832924B009E579B /* AppDelegate.swift */,
				A569DC3D2832924B009E579B /* SceneDelegate.swift */,
				A535360128334D03008D865E /* Manager */,
				A53535FE28334CD8008D865E /* Model */,
				A5D28077283328D600228011 /* Scene */,
				A535360B28335332008D865E /* Source */,
				A535360F28336C1F008D865E /* Util */,
				A569DC412832924B009E579B /* Main.storyboard */,
				A569DC462832924C009E579B /* LaunchScreen.storyboard */,
				A569DC442832924C009E579B /* Assets.xcassets */,
				A569DC492832924C009E579B /* Info.plist */,
			);
			path = EggTimer;
			sourceTree = "<group>";
		};
		A569DC512832924C009E579B /* EggTimerTests */ = {
			isa = PBXGroup;
			children = (
				A569DC522832924C009E579B /* EggTimerTests.swift */,
			);
			path = EggTimerTests;
			sourceTree = "<group>";
		};
		A569DC5B2832924C009E579B /* EggTimerUITests */ = {
			isa = PBXGroup;
			children = (
				A569DC5C2832924C009E579B /* EggTimerUITests.swift */,
				A569DC5E2832924C009E579B /* EggTimerUITestsLaunchTests.swift */,
			);
			path = EggTimerUITests;
			sourceTree = "<group>";
		};
		A5BA6CD22837E50F00EC4722 /* Network */ = {
			isa = PBXGroup;
			children = (
				A5BA6CD02837E50A00EC4722 /* NetworkCheck.swift */,
			);
			name = Network;
			sourceTree = "<group>";
		};
		A5D28077283328D600228011 /* Scene */ = {
			isa = PBXGroup;
			children = (
				A5D28078283328E600228011 /* BasicRecipe */,
				A535361828339003008D865E /* Timer */,
				A5D2808128333AB600228011 /* Recipe */,
				A53536122833777E008D865E /* RecipeDetail */,
				A535361B2833AA9B008D865E /* Eggs */,
				A50A56EE2842161C00BB82A5 /* Settings */,
				A50A56F52842275D00BB82A5 /* SendMailFailAlert */,
			);
			name = Scene;
			sourceTree = "<group>";
		};
		A5D28078283328E600228011 /* BasicRecipe */ = {
			isa = PBXGroup;
			children = (
				A5D28075283328D100228011 /* BasicRecipeViewController.swift */,
				A5D2807B28332F2F00228011 /* BasicRecipeCell.swift */,
			);
			path = BasicRecipe;
			sourceTree = "<group>";
		};
		A5D2808128333AB600228011 /* Recipe */ = {
			isa = PBXGroup;
			children = (
				A5D2807D28333A9F00228011 /* RecipeViewController.swift */,
				A5D2807F28333AB100228011 /* RecipeViewModel.swift */,
				A5D2808228333B5D00228011 /* RecipeCell.swift */,
			);
			path = Recipe;
			sourceTree = "<group>";
		};
/* End PBXGroup section */

/* Begin PBXNativeTarget section */
		A569DC372832924B009E579B /* EggTimer */ = {
			isa = PBXNativeTarget;
			buildConfigurationList = A569DC622832924C009E579B /* Build configuration list for PBXNativeTarget "EggTimer" */;
			buildPhases = (
				B6EE3FD3C2B0B677AB494DA6 /* [CP] Check Pods Manifest.lock */,
				A569DC342832924B009E579B /* Sources */,
				A569DC352832924B009E579B /* Frameworks */,
				A569DC362832924B009E579B /* Resources */,
				F386EDB9110CE5B93E39A249 /* [CP] Embed Pods Frameworks */,
			);
			buildRules = (
			);
			dependencies = (
			);
			name = EggTimer;
			packageProductDependencies = (
				A535360728335198008D865E /* Alamofire */,
				A535361428338ECA008D865E /* HGCircularSlider */,
				A5574487283920D200C5841C /* NVActivityIndicatorView */,
				A5C721BE283A4DED00A6AD42 /* PanModal */,
			);
			productName = EggTimer;
			productReference = A569DC382832924B009E579B /* EggTimer.app */;
			productType = "com.apple.product-type.application";
		};
		A569DC4D2832924C009E579B /* EggTimerTests */ = {
			isa = PBXNativeTarget;
			buildConfigurationList = A569DC652832924C009E579B /* Build configuration list for PBXNativeTarget "EggTimerTests" */;
			buildPhases = (
				992575BA610D8E5B6CDC4D9F /* [CP] Check Pods Manifest.lock */,
				A569DC4A2832924C009E579B /* Sources */,
				A569DC4B2832924C009E579B /* Frameworks */,
				A569DC4C2832924C009E579B /* Resources */,
			);
			buildRules = (
			);
			dependencies = (
				A569DC502832924C009E579B /* PBXTargetDependency */,
			);
			name = EggTimerTests;
			productName = EggTimerTests;
			productReference = A569DC4E2832924C009E579B /* EggTimerTests.xctest */;
			productType = "com.apple.product-type.bundle.unit-test";
		};
		A569DC572832924C009E579B /* EggTimerUITests */ = {
			isa = PBXNativeTarget;
			buildConfigurationList = A569DC682832924C009E579B /* Build configuration list for PBXNativeTarget "EggTimerUITests" */;
			buildPhases = (
				A34DD1083984F0F7569B4E0D /* [CP] Check Pods Manifest.lock */,
				A569DC542832924C009E579B /* Sources */,
				A569DC552832924C009E579B /* Frameworks */,
				A569DC562832924C009E579B /* Resources */,
				7641B9A20714A6134A5AD669 /* [CP] Embed Pods Frameworks */,
			);
			buildRules = (
			);
			dependencies = (
				A569DC5A2832924C009E579B /* PBXTargetDependency */,
			);
			name = EggTimerUITests;
			productName = EggTimerUITests;
			productReference = A569DC582832924C009E579B /* EggTimerUITests.xctest */;
			productType = "com.apple.product-type.bundle.ui-testing";
		};
/* End PBXNativeTarget section */

/* Begin PBXProject section */
		A569DC302832924B009E579B /* Project object */ = {
			isa = PBXProject;
			attributes = {
				BuildIndependentTargetsInParallel = 1;
				LastSwiftUpdateCheck = 1330;
				LastUpgradeCheck = 1330;
				TargetAttributes = {
					A569DC372832924B009E579B = {
						CreatedOnToolsVersion = 13.3.1;
					};
					A569DC4D2832924C009E579B = {
						CreatedOnToolsVersion = 13.3.1;
						TestTargetID = A569DC372832924B009E579B;
					};
					A569DC572832924C009E579B = {
						CreatedOnToolsVersion = 13.3.1;
						TestTargetID = A569DC372832924B009E579B;
					};
				};
			};
			buildConfigurationList = A569DC332832924B009E579B /* Build configuration list for PBXProject "EggTimer" */;
			compatibilityVersion = "Xcode 13.0";
			developmentRegion = en;
			hasScannedForEncodings = 0;
			knownRegions = (
				en,
				Base,
			);
			mainGroup = A569DC2F2832924B009E579B;
			packageReferences = (
				A535360628335198008D865E /* XCRemoteSwiftPackageReference "Alamofire" */,
				A535361328338ECA008D865E /* XCRemoteSwiftPackageReference "HGCircularSlider" */,
				A5574486283920D200C5841C /* XCRemoteSwiftPackageReference "NVActivityIndicatorView" */,
				A5C721BD283A4DED00A6AD42 /* XCRemoteSwiftPackageReference "PanModal" */,
			);
			productRefGroup = A569DC392832924B009E579B /* Products */;
			projectDirPath = "";
			projectRoot = "";
			targets = (
				A569DC372832924B009E579B /* EggTimer */,
				A569DC4D2832924C009E579B /* EggTimerTests */,
				A569DC572832924C009E579B /* EggTimerUITests */,
			);
		};
/* End PBXProject section */

/* Begin PBXResourcesBuildPhase section */
		A569DC362832924B009E579B /* Resources */ = {
			isa = PBXResourcesBuildPhase;
			buildActionMask = 2147483647;
			files = (
				A569DC482832924C009E579B /* LaunchScreen.storyboard in Resources */,
				A569DC452832924C009E579B /* Assets.xcassets in Resources */,
				A569DC432832924B009E579B /* Main.storyboard in Resources */,
			);
			runOnlyForDeploymentPostprocessing = 0;
		};
		A569DC4C2832924C009E579B /* Resources */ = {
			isa = PBXResourcesBuildPhase;
			buildActionMask = 2147483647;
			files = (
			);
			runOnlyForDeploymentPostprocessing = 0;
		};
		A569DC562832924C009E579B /* Resources */ = {
			isa = PBXResourcesBuildPhase;
			buildActionMask = 2147483647;
			files = (
			);
			runOnlyForDeploymentPostprocessing = 0;
		};
/* End PBXResourcesBuildPhase section */

/* Begin PBXShellScriptBuildPhase section */
		7641B9A20714A6134A5AD669 /* [CP] Embed Pods Frameworks */ = {
			isa = PBXShellScriptBuildPhase;
			buildActionMask = 2147483647;
			files = (
			);
			inputFileListPaths = (
				"${PODS_ROOT}/Target Support Files/Pods-EggTimer-EggTimerUITests/Pods-EggTimer-EggTimerUITests-frameworks-${CONFIGURATION}-input-files.xcfilelist",
			);
			name = "[CP] Embed Pods Frameworks";
			outputFileListPaths = (
				"${PODS_ROOT}/Target Support Files/Pods-EggTimer-EggTimerUITests/Pods-EggTimer-EggTimerUITests-frameworks-${CONFIGURATION}-output-files.xcfilelist",
			);
			runOnlyForDeploymentPostprocessing = 0;
			shellPath = /bin/sh;
			shellScript = "\"${PODS_ROOT}/Target Support Files/Pods-EggTimer-EggTimerUITests/Pods-EggTimer-EggTimerUITests-frameworks.sh\"\n";
			showEnvVarsInLog = 0;
		};
		992575BA610D8E5B6CDC4D9F /* [CP] Check Pods Manifest.lock */ = {
			isa = PBXShellScriptBuildPhase;
			buildActionMask = 2147483647;
			files = (
			);
			inputFileListPaths = (
			);
			inputPaths = (
				"${PODS_PODFILE_DIR_PATH}/Podfile.lock",
				"${PODS_ROOT}/Manifest.lock",
			);
			name = "[CP] Check Pods Manifest.lock";
			outputFileListPaths = (
			);
			outputPaths = (
				"$(DERIVED_FILE_DIR)/Pods-EggTimerTests-checkManifestLockResult.txt",
			);
			runOnlyForDeploymentPostprocessing = 0;
			shellPath = /bin/sh;
			shellScript = "diff \"${PODS_PODFILE_DIR_PATH}/Podfile.lock\" \"${PODS_ROOT}/Manifest.lock\" > /dev/null\nif [ $? != 0 ] ; then\n    # print error to STDERR\n    echo \"error: The sandbox is not in sync with the Podfile.lock. Run 'pod install' or update your CocoaPods installation.\" >&2\n    exit 1\nfi\n# This output is used by Xcode 'outputs' to avoid re-running this script phase.\necho \"SUCCESS\" > \"${SCRIPT_OUTPUT_FILE_0}\"\n";
			showEnvVarsInLog = 0;
		};
		A34DD1083984F0F7569B4E0D /* [CP] Check Pods Manifest.lock */ = {
			isa = PBXShellScriptBuildPhase;
			buildActionMask = 2147483647;
			files = (
			);
			inputFileListPaths = (
			);
			inputPaths = (
				"${PODS_PODFILE_DIR_PATH}/Podfile.lock",
				"${PODS_ROOT}/Manifest.lock",
			);
			name = "[CP] Check Pods Manifest.lock";
			outputFileListPaths = (
			);
			outputPaths = (
				"$(DERIVED_FILE_DIR)/Pods-EggTimer-EggTimerUITests-checkManifestLockResult.txt",
			);
			runOnlyForDeploymentPostprocessing = 0;
			shellPath = /bin/sh;
			shellScript = "diff \"${PODS_PODFILE_DIR_PATH}/Podfile.lock\" \"${PODS_ROOT}/Manifest.lock\" > /dev/null\nif [ $? != 0 ] ; then\n    # print error to STDERR\n    echo \"error: The sandbox is not in sync with the Podfile.lock. Run 'pod install' or update your CocoaPods installation.\" >&2\n    exit 1\nfi\n# This output is used by Xcode 'outputs' to avoid re-running this script phase.\necho \"SUCCESS\" > \"${SCRIPT_OUTPUT_FILE_0}\"\n";
			showEnvVarsInLog = 0;
		};
		B6EE3FD3C2B0B677AB494DA6 /* [CP] Check Pods Manifest.lock */ = {
			isa = PBXShellScriptBuildPhase;
			buildActionMask = 2147483647;
			files = (
			);
			inputFileListPaths = (
			);
			inputPaths = (
				"${PODS_PODFILE_DIR_PATH}/Podfile.lock",
				"${PODS_ROOT}/Manifest.lock",
			);
			name = "[CP] Check Pods Manifest.lock";
			outputFileListPaths = (
			);
			outputPaths = (
				"$(DERIVED_FILE_DIR)/Pods-EggTimer-checkManifestLockResult.txt",
			);
			runOnlyForDeploymentPostprocessing = 0;
			shellPath = /bin/sh;
			shellScript = "diff \"${PODS_PODFILE_DIR_PATH}/Podfile.lock\" \"${PODS_ROOT}/Manifest.lock\" > /dev/null\nif [ $? != 0 ] ; then\n    # print error to STDERR\n    echo \"error: The sandbox is not in sync with the Podfile.lock. Run 'pod install' or update your CocoaPods installation.\" >&2\n    exit 1\nfi\n# This output is used by Xcode 'outputs' to avoid re-running this script phase.\necho \"SUCCESS\" > \"${SCRIPT_OUTPUT_FILE_0}\"\n";
			showEnvVarsInLog = 0;
		};
		F386EDB9110CE5B93E39A249 /* [CP] Embed Pods Frameworks */ = {
			isa = PBXShellScriptBuildPhase;
			buildActionMask = 2147483647;
			files = (
			);
			inputFileListPaths = (
				"${PODS_ROOT}/Target Support Files/Pods-EggTimer/Pods-EggTimer-frameworks-${CONFIGURATION}-input-files.xcfilelist",
			);
			name = "[CP] Embed Pods Frameworks";
			outputFileListPaths = (
				"${PODS_ROOT}/Target Support Files/Pods-EggTimer/Pods-EggTimer-frameworks-${CONFIGURATION}-output-files.xcfilelist",
			);
			runOnlyForDeploymentPostprocessing = 0;
			shellPath = /bin/sh;
			shellScript = "\"${PODS_ROOT}/Target Support Files/Pods-EggTimer/Pods-EggTimer-frameworks.sh\"\n";
			showEnvVarsInLog = 0;
		};
/* End PBXShellScriptBuildPhase section */

/* Begin PBXSourcesBuildPhase section */
		A569DC342832924B009E579B /* Sources */ = {
			isa = PBXSourcesBuildPhase;
			buildActionMask = 2147483647;
			files = (
				A50A570128423DF400BB82A5 /* DarkModeManager.swift in Sources */,
				A569DC3C2832924B009E579B /* AppDelegate.swift in Sources */,
				A5D2807C28332F2F00228011 /* BasicRecipeCell.swift in Sources */,
				A535361128337777008D865E /* RecipeDetailViewController.swift in Sources */,
				A50A56ED2842161700BB82A5 /* SettingsViewController.swift in Sources */,
				A5D28076283328D100228011 /* BasicRecipeViewController.swift in Sources */,
				A50A56FC28423C1300BB82A5 /* DarkModeViewController.swift in Sources */,
				A535360A2833532D008D865E /* NaverAPIKey.swift in Sources */,
				A535360328334D18008D865E /* RecipesRequestModel.swift in Sources */,
				A53535FD28334CD4008D865E /* Recipes.swift in Sources */,
				A5D2808328333B5D00228011 /* RecipeCell.swift in Sources */,
				A50A56FF28423C3600BB82A5 /* DarkModeCell.swift in Sources */,
				A535361A2833AA97008D865E /* EggsViewController.swift in Sources */,
				A50A56F22842168800BB82A5 /* SettingsCell.swift in Sources */,
				A535360028334D01008D865E /* RecipesSearchManager.swift in Sources */,
				A50A56F42842275A00BB82A5 /* SendMailFailAlertViewController.swift in Sources */,
				A53536212833B2F3008D865E /* TimerViewModel.swift in Sources */,
				A569DC3E2832924B009E579B /* SceneDelegate.swift in Sources */,
				A535361728339000008D865E /* TimerViewController.swift in Sources */,
				A5D2808028333AB200228011 /* RecipeViewModel.swift in Sources */,
				A535361D2833AB05008D865E /* EggsCell.swift in Sources */,
				A535360D28336C12008D865E /* String+.swift in Sources */,
				A5BA6CD12837E50A00EC4722 /* NetworkCheck.swift in Sources */,
				A5D2807E28333A9F00228011 /* RecipeViewController.swift in Sources */,
				A535360528334D22008D865E /* RecipesResponseModel.swift in Sources */,
				A50A56F02842167A00BB82A5 /* SettingsViewModel.swift in Sources */,
			);
			runOnlyForDeploymentPostprocessing = 0;
		};
		A569DC4A2832924C009E579B /* Sources */ = {
			isa = PBXSourcesBuildPhase;
			buildActionMask = 2147483647;
			files = (
				A569DC532832924C009E579B /* EggTimerTests.swift in Sources */,
			);
			runOnlyForDeploymentPostprocessing = 0;
		};
		A569DC542832924C009E579B /* Sources */ = {
			isa = PBXSourcesBuildPhase;
			buildActionMask = 2147483647;
			files = (
				A569DC5F2832924C009E579B /* EggTimerUITestsLaunchTests.swift in Sources */,
				A569DC5D2832924C009E579B /* EggTimerUITests.swift in Sources */,
			);
			runOnlyForDeploymentPostprocessing = 0;
		};
/* End PBXSourcesBuildPhase section */

/* Begin PBXTargetDependency section */
		A569DC502832924C009E579B /* PBXTargetDependency */ = {
			isa = PBXTargetDependency;
			target = A569DC372832924B009E579B /* EggTimer */;
			targetProxy = A569DC4F2832924C009E579B /* PBXContainerItemProxy */;
		};
		A569DC5A2832924C009E579B /* PBXTargetDependency */ = {
			isa = PBXTargetDependency;
			target = A569DC372832924B009E579B /* EggTimer */;
			targetProxy = A569DC592832924C009E579B /* PBXContainerItemProxy */;
		};
/* End PBXTargetDependency section */

/* Begin PBXVariantGroup section */
		A569DC412832924B009E579B /* Main.storyboard */ = {
			isa = PBXVariantGroup;
			children = (
				A569DC422832924B009E579B /* Base */,
			);
			name = Main.storyboard;
			sourceTree = "<group>";
		};
		A569DC462832924C009E579B /* LaunchScreen.storyboard */ = {
			isa = PBXVariantGroup;
			children = (
				A569DC472832924C009E579B /* Base */,
			);
			name = LaunchScreen.storyboard;
			sourceTree = "<group>";
		};
/* End PBXVariantGroup section */

/* Begin XCBuildConfiguration section */
		A569DC602832924C009E579B /* Debug */ = {
			isa = XCBuildConfiguration;
			buildSettings = {
				ALWAYS_SEARCH_USER_PATHS = NO;
				CLANG_ANALYZER_NONNULL = YES;
				CLANG_ANALYZER_NUMBER_OBJECT_CONVERSION = YES_AGGRESSIVE;
				CLANG_CXX_LANGUAGE_STANDARD = "gnu++17";
				CLANG_ENABLE_MODULES = YES;
				CLANG_ENABLE_OBJC_ARC = YES;
				CLANG_ENABLE_OBJC_WEAK = YES;
				CLANG_WARN_BLOCK_CAPTURE_AUTORELEASING = YES;
				CLANG_WARN_BOOL_CONVERSION = YES;
				CLANG_WARN_COMMA = YES;
				CLANG_WARN_CONSTANT_CONVERSION = YES;
				CLANG_WARN_DEPRECATED_OBJC_IMPLEMENTATIONS = YES;
				CLANG_WARN_DIRECT_OBJC_ISA_USAGE = YES_ERROR;
				CLANG_WARN_DOCUMENTATION_COMMENTS = YES;
				CLANG_WARN_EMPTY_BODY = YES;
				CLANG_WARN_ENUM_CONVERSION = YES;
				CLANG_WARN_INFINITE_RECURSION = YES;
				CLANG_WARN_INT_CONVERSION = YES;
				CLANG_WARN_NON_LITERAL_NULL_CONVERSION = YES;
				CLANG_WARN_OBJC_IMPLICIT_RETAIN_SELF = YES;
				CLANG_WARN_OBJC_LITERAL_CONVERSION = YES;
				CLANG_WARN_OBJC_ROOT_CLASS = YES_ERROR;
				CLANG_WARN_QUOTED_INCLUDE_IN_FRAMEWORK_HEADER = YES;
				CLANG_WARN_RANGE_LOOP_ANALYSIS = YES;
				CLANG_WARN_STRICT_PROTOTYPES = YES;
				CLANG_WARN_SUSPICIOUS_MOVE = YES;
				CLANG_WARN_UNGUARDED_AVAILABILITY = YES_AGGRESSIVE;
				CLANG_WARN_UNREACHABLE_CODE = YES;
				CLANG_WARN__DUPLICATE_METHOD_MATCH = YES;
				COPY_PHASE_STRIP = NO;
				DEBUG_INFORMATION_FORMAT = dwarf;
				ENABLE_STRICT_OBJC_MSGSEND = YES;
				ENABLE_TESTABILITY = YES;
				GCC_C_LANGUAGE_STANDARD = gnu11;
				GCC_DYNAMIC_NO_PIC = NO;
				GCC_NO_COMMON_BLOCKS = YES;
				GCC_OPTIMIZATION_LEVEL = 0;
				GCC_PREPROCESSOR_DEFINITIONS = (
					"DEBUG=1",
					"$(inherited)",
				);
				GCC_WARN_64_TO_32_BIT_CONVERSION = YES;
				GCC_WARN_ABOUT_RETURN_TYPE = YES_ERROR;
				GCC_WARN_UNDECLARED_SELECTOR = YES;
				GCC_WARN_UNINITIALIZED_AUTOS = YES_AGGRESSIVE;
				GCC_WARN_UNUSED_FUNCTION = YES;
				GCC_WARN_UNUSED_VARIABLE = YES;
				IPHONEOS_DEPLOYMENT_TARGET = 14.4;
				MTL_ENABLE_DEBUG_INFO = INCLUDE_SOURCE;
				MTL_FAST_MATH = YES;
				ONLY_ACTIVE_ARCH = YES;
				SDKROOT = iphoneos;
				SWIFT_ACTIVE_COMPILATION_CONDITIONS = DEBUG;
				SWIFT_OPTIMIZATION_LEVEL = "-Onone";
			};
			name = Debug;
		};
		A569DC612832924C009E579B /* Release */ = {
			isa = XCBuildConfiguration;
			buildSettings = {
				ALWAYS_SEARCH_USER_PATHS = NO;
				CLANG_ANALYZER_NONNULL = YES;
				CLANG_ANALYZER_NUMBER_OBJECT_CONVERSION = YES_AGGRESSIVE;
				CLANG_CXX_LANGUAGE_STANDARD = "gnu++17";
				CLANG_ENABLE_MODULES = YES;
				CLANG_ENABLE_OBJC_ARC = YES;
				CLANG_ENABLE_OBJC_WEAK = YES;
				CLANG_WARN_BLOCK_CAPTURE_AUTORELEASING = YES;
				CLANG_WARN_BOOL_CONVERSION = YES;
				CLANG_WARN_COMMA = YES;
				CLANG_WARN_CONSTANT_CONVERSION = YES;
				CLANG_WARN_DEPRECATED_OBJC_IMPLEMENTATIONS = YES;
				CLANG_WARN_DIRECT_OBJC_ISA_USAGE = YES_ERROR;
				CLANG_WARN_DOCUMENTATION_COMMENTS = YES;
				CLANG_WARN_EMPTY_BODY = YES;
				CLANG_WARN_ENUM_CONVERSION = YES;
				CLANG_WARN_INFINITE_RECURSION = YES;
				CLANG_WARN_INT_CONVERSION = YES;
				CLANG_WARN_NON_LITERAL_NULL_CONVERSION = YES;
				CLANG_WARN_OBJC_IMPLICIT_RETAIN_SELF = YES;
				CLANG_WARN_OBJC_LITERAL_CONVERSION = YES;
				CLANG_WARN_OBJC_ROOT_CLASS = YES_ERROR;
				CLANG_WARN_QUOTED_INCLUDE_IN_FRAMEWORK_HEADER = YES;
				CLANG_WARN_RANGE_LOOP_ANALYSIS = YES;
				CLANG_WARN_STRICT_PROTOTYPES = YES;
				CLANG_WARN_SUSPICIOUS_MOVE = YES;
				CLANG_WARN_UNGUARDED_AVAILABILITY = YES_AGGRESSIVE;
				CLANG_WARN_UNREACHABLE_CODE = YES;
				CLANG_WARN__DUPLICATE_METHOD_MATCH = YES;
				COPY_PHASE_STRIP = NO;
				DEBUG_INFORMATION_FORMAT = "dwarf-with-dsym";
				ENABLE_NS_ASSERTIONS = NO;
				ENABLE_STRICT_OBJC_MSGSEND = YES;
				GCC_C_LANGUAGE_STANDARD = gnu11;
				GCC_NO_COMMON_BLOCKS = YES;
				GCC_WARN_64_TO_32_BIT_CONVERSION = YES;
				GCC_WARN_ABOUT_RETURN_TYPE = YES_ERROR;
				GCC_WARN_UNDECLARED_SELECTOR = YES;
				GCC_WARN_UNINITIALIZED_AUTOS = YES_AGGRESSIVE;
				GCC_WARN_UNUSED_FUNCTION = YES;
				GCC_WARN_UNUSED_VARIABLE = YES;
				IPHONEOS_DEPLOYMENT_TARGET = 14.4;
				MTL_ENABLE_DEBUG_INFO = NO;
				MTL_FAST_MATH = YES;
				SDKROOT = iphoneos;
				SWIFT_COMPILATION_MODE = wholemodule;
				SWIFT_OPTIMIZATION_LEVEL = "-O";
				VALIDATE_PRODUCT = YES;
			};
			name = Release;
		};
		A569DC632832924C009E579B /* Debug */ = {
			isa = XCBuildConfiguration;
			baseConfigurationReference = F8209670B4D9FEDA416158A6 /* Pods-EggTimer.debug.xcconfig */;
			buildSettings = {
				ASSETCATALOG_COMPILER_APPICON_NAME = AppIcon;
				ASSETCATALOG_COMPILER_GLOBAL_ACCENT_COLOR_NAME = AccentColor;
				CODE_SIGN_STYLE = Automatic;
				CURRENT_PROJECT_VERSION = 1;
				DEVELOPMENT_TEAM = MZ4WUT4W35;
				GENERATE_INFOPLIST_FILE = YES;
				INFOPLIST_FILE = EggTimer/Info.plist;
				INFOPLIST_KEY_UIApplicationSupportsIndirectInputEvents = YES;
				INFOPLIST_KEY_UILaunchStoryboardName = LaunchScreen;
				INFOPLIST_KEY_UIMainStoryboardFile = Main;
				INFOPLIST_KEY_UISupportedInterfaceOrientations_iPad = "UIInterfaceOrientationPortrait UIInterfaceOrientationPortraitUpsideDown UIInterfaceOrientationLandscapeLeft UIInterfaceOrientationLandscapeRight";
				INFOPLIST_KEY_UISupportedInterfaceOrientations_iPhone = "UIInterfaceOrientationPortrait UIInterfaceOrientationLandscapeLeft UIInterfaceOrientationLandscapeRight";
				LD_RUNPATH_SEARCH_PATHS = (
					"$(inherited)",
					"@executable_path/Frameworks",
				);
				MARKETING_VERSION = 1.0.0;
				PRODUCT_BUNDLE_IDENTIFIER = com.alswl.EggTimer;
				PRODUCT_NAME = "$(TARGET_NAME)";
				SWIFT_EMIT_LOC_STRINGS = YES;
				SWIFT_VERSION = 5.0;
				TARGETED_DEVICE_FAMILY = "1,2";
			};
			name = Debug;
		};
		A569DC642832924C009E579B /* Release */ = {
			isa = XCBuildConfiguration;
			baseConfigurationReference = B8CF0ADCB486FFDFC51C1C42 /* Pods-EggTimer.release.xcconfig */;
			buildSettings = {
				ASSETCATALOG_COMPILER_APPICON_NAME = AppIcon;
				ASSETCATALOG_COMPILER_GLOBAL_ACCENT_COLOR_NAME = AccentColor;
				CODE_SIGN_STYLE = Automatic;
				CURRENT_PROJECT_VERSION = 1;
				DEVELOPMENT_TEAM = MZ4WUT4W35;
				GENERATE_INFOPLIST_FILE = YES;
				INFOPLIST_FILE = EggTimer/Info.plist;
				INFOPLIST_KEY_UIApplicationSupportsIndirectInputEvents = YES;
				INFOPLIST_KEY_UILaunchStoryboardName = LaunchScreen;
				INFOPLIST_KEY_UIMainStoryboardFile = Main;
				INFOPLIST_KEY_UISupportedInterfaceOrientations_iPad = "UIInterfaceOrientationPortrait UIInterfaceOrientationPortraitUpsideDown UIInterfaceOrientationLandscapeLeft UIInterfaceOrientationLandscapeRight";
				INFOPLIST_KEY_UISupportedInterfaceOrientations_iPhone = "UIInterfaceOrientationPortrait UIInterfaceOrientationLandscapeLeft UIInterfaceOrientationLandscapeRight";
				LD_RUNPATH_SEARCH_PATHS = (
					"$(inherited)",
					"@executable_path/Frameworks",
				);
				MARKETING_VERSION = 1.0.0;
				PRODUCT_BUNDLE_IDENTIFIER = com.alswl.EggTimer;
				PRODUCT_NAME = "$(TARGET_NAME)";
				SWIFT_EMIT_LOC_STRINGS = YES;
				SWIFT_VERSION = 5.0;
				TARGETED_DEVICE_FAMILY = "1,2";
			};
			name = Release;
		};
		A569DC662832924C009E579B /* Debug */ = {
			isa = XCBuildConfiguration;
			baseConfigurationReference = 5E6410E47077580723138B44 /* Pods-EggTimerTests.debug.xcconfig */;
			buildSettings = {
				ALWAYS_EMBED_SWIFT_STANDARD_LIBRARIES = YES;
				BUNDLE_LOADER = "$(TEST_HOST)";
				CODE_SIGN_STYLE = Automatic;
				CURRENT_PROJECT_VERSION = 1;
				DEVELOPMENT_TEAM = MZ4WUT4W35;
				GENERATE_INFOPLIST_FILE = YES;
				IPHONEOS_DEPLOYMENT_TARGET = 15.4;
				MARKETING_VERSION = 1.0;
				PRODUCT_BUNDLE_IDENTIFIER = com.alswl.EggTimerTests;
				PRODUCT_NAME = "$(TARGET_NAME)";
				SWIFT_EMIT_LOC_STRINGS = NO;
				SWIFT_VERSION = 5.0;
				TARGETED_DEVICE_FAMILY = "1,2";
				TEST_HOST = "$(BUILT_PRODUCTS_DIR)/EggTimer.app/EggTimer";
			};
			name = Debug;
		};
		A569DC672832924C009E579B /* Release */ = {
			isa = XCBuildConfiguration;
			baseConfigurationReference = A2357BD9007D6D94CB70183B /* Pods-EggTimerTests.release.xcconfig */;
			buildSettings = {
				ALWAYS_EMBED_SWIFT_STANDARD_LIBRARIES = YES;
				BUNDLE_LOADER = "$(TEST_HOST)";
				CODE_SIGN_STYLE = Automatic;
				CURRENT_PROJECT_VERSION = 1;
				DEVELOPMENT_TEAM = MZ4WUT4W35;
				GENERATE_INFOPLIST_FILE = YES;
				IPHONEOS_DEPLOYMENT_TARGET = 15.4;
				MARKETING_VERSION = 1.0;
				PRODUCT_BUNDLE_IDENTIFIER = com.alswl.EggTimerTests;
				PRODUCT_NAME = "$(TARGET_NAME)";
				SWIFT_EMIT_LOC_STRINGS = NO;
				SWIFT_VERSION = 5.0;
				TARGETED_DEVICE_FAMILY = "1,2";
				TEST_HOST = "$(BUILT_PRODUCTS_DIR)/EggTimer.app/EggTimer";
			};
			name = Release;
		};
		A569DC692832924C009E579B /* Debug */ = {
			isa = XCBuildConfiguration;
			baseConfigurationReference = 2EA83322CD65CCAFF7C69103 /* Pods-EggTimer-EggTimerUITests.debug.xcconfig */;
			buildSettings = {
				ALWAYS_EMBED_SWIFT_STANDARD_LIBRARIES = YES;
				CODE_SIGN_STYLE = Automatic;
				CURRENT_PROJECT_VERSION = 1;
				DEVELOPMENT_TEAM = MZ4WUT4W35;
				GENERATE_INFOPLIST_FILE = YES;
				MARKETING_VERSION = 1.0;
				PRODUCT_BUNDLE_IDENTIFIER = com.alswl.EggTimerUITests;
				PRODUCT_NAME = "$(TARGET_NAME)";
				SWIFT_EMIT_LOC_STRINGS = NO;
				SWIFT_VERSION = 5.0;
				TARGETED_DEVICE_FAMILY = "1,2";
				TEST_TARGET_NAME = EggTimer;
			};
			name = Debug;
		};
		A569DC6A2832924C009E579B /* Release */ = {
			isa = XCBuildConfiguration;
			baseConfigurationReference = AB8CBA33673432F9FB5B69C2 /* Pods-EggTimer-EggTimerUITests.release.xcconfig */;
			buildSettings = {
				ALWAYS_EMBED_SWIFT_STANDARD_LIBRARIES = YES;
				CODE_SIGN_STYLE = Automatic;
				CURRENT_PROJECT_VERSION = 1;
				DEVELOPMENT_TEAM = MZ4WUT4W35;
				GENERATE_INFOPLIST_FILE = YES;
				MARKETING_VERSION = 1.0;
				PRODUCT_BUNDLE_IDENTIFIER = com.alswl.EggTimerUITests;
				PRODUCT_NAME = "$(TARGET_NAME)";
				SWIFT_EMIT_LOC_STRINGS = NO;
				SWIFT_VERSION = 5.0;
				TARGETED_DEVICE_FAMILY = "1,2";
				TEST_TARGET_NAME = EggTimer;
			};
			name = Release;
		};
/* End XCBuildConfiguration section */

/* Begin XCConfigurationList section */
		A569DC332832924B009E579B /* Build configuration list for PBXProject "EggTimer" */ = {
			isa = XCConfigurationList;
			buildConfigurations = (
				A569DC602832924C009E579B /* Debug */,
				A569DC612832924C009E579B /* Release */,
			);
			defaultConfigurationIsVisible = 0;
			defaultConfigurationName = Release;
		};
		A569DC622832924C009E579B /* Build configuration list for PBXNativeTarget "EggTimer" */ = {
			isa = XCConfigurationList;
			buildConfigurations = (
				A569DC632832924C009E579B /* Debug */,
				A569DC642832924C009E579B /* Release */,
			);
			defaultConfigurationIsVisible = 0;
			defaultConfigurationName = Release;
		};
		A569DC652832924C009E579B /* Build configuration list for PBXNativeTarget "EggTimerTests" */ = {
			isa = XCConfigurationList;
			buildConfigurations = (
				A569DC662832924C009E579B /* Debug */,
				A569DC672832924C009E579B /* Release */,
			);
			defaultConfigurationIsVisible = 0;
			defaultConfigurationName = Release;
		};
		A569DC682832924C009E579B /* Build configuration list for PBXNativeTarget "EggTimerUITests" */ = {
			isa = XCConfigurationList;
			buildConfigurations = (
				A569DC692832924C009E579B /* Debug */,
				A569DC6A2832924C009E579B /* Release */,
			);
			defaultConfigurationIsVisible = 0;
			defaultConfigurationName = Release;
		};
/* End XCConfigurationList section */

/* Begin XCRemoteSwiftPackageReference section */
		A535360628335198008D865E /* XCRemoteSwiftPackageReference "Alamofire" */ = {
			isa = XCRemoteSwiftPackageReference;
			repositoryURL = "https://github.com/Alamofire/Alamofire.git";
			requirement = {
				kind = upToNextMajorVersion;
				minimumVersion = 5.0.0;
			};
		};
		A535361328338ECA008D865E /* XCRemoteSwiftPackageReference "HGCircularSlider" */ = {
			isa = XCRemoteSwiftPackageReference;
			repositoryURL = "https://github.com/HamzaGhazouani/HGCircularSlider";
			requirement = {
				kind = upToNextMajorVersion;
				minimumVersion = 2.0.0;
			};
		};
		A5574486283920D200C5841C /* XCRemoteSwiftPackageReference "NVActivityIndicatorView" */ = {
			isa = XCRemoteSwiftPackageReference;
			repositoryURL = "https://github.com/ninjaprox/NVActivityIndicatorView.git";
			requirement = {
				kind = upToNextMajorVersion;
				minimumVersion = 5.0.0;
			};
		};
		A5C721BD283A4DED00A6AD42 /* XCRemoteSwiftPackageReference "PanModal" */ = {
			isa = XCRemoteSwiftPackageReference;
			repositoryURL = "https://github.com/slackhq/PanModal.git";
			requirement = {
				kind = upToNextMajorVersion;
				minimumVersion = 1.0.0;
			};
		};
/* End XCRemoteSwiftPackageReference section */

/* Begin XCSwiftPackageProductDependency section */
		A535360728335198008D865E /* Alamofire */ = {
			isa = XCSwiftPackageProductDependency;
			package = A535360628335198008D865E /* XCRemoteSwiftPackageReference "Alamofire" */;
			productName = Alamofire;
		};
		A535361428338ECA008D865E /* HGCircularSlider */ = {
			isa = XCSwiftPackageProductDependency;
			package = A535361328338ECA008D865E /* XCRemoteSwiftPackageReference "HGCircularSlider" */;
			productName = HGCircularSlider;
		};
		A5574487283920D200C5841C /* NVActivityIndicatorView */ = {
			isa = XCSwiftPackageProductDependency;
			package = A5574486283920D200C5841C /* XCRemoteSwiftPackageReference "NVActivityIndicatorView" */;
			productName = NVActivityIndicatorView;
		};
		A5C721BE283A4DED00A6AD42 /* PanModal */ = {
			isa = XCSwiftPackageProductDependency;
			package = A5C721BD283A4DED00A6AD42 /* XCRemoteSwiftPackageReference "PanModal" */;
			productName = PanModal;
		};
/* End XCSwiftPackageProductDependency section */
	};
	rootObject = A569DC302832924B009E579B /* Project object */;
}
